Microsoft Visual Studio Solution File, Format Version 12.00
# Visual Studio Version 17
VisualStudioVersion = 17.0.31903.59
MinimumVisualStudioVersion = 10.0.40219.1
Project("{FAE04EC0-301F-11D3-BF4B-00C04F79EFBC}") = "PropertyViewingSlots.Api", "src\PropertyViewingSlots.Api\PropertyViewingSlots.Api.csproj", "{1A595960-7BEF-4516-A608-7467997BA3B1}"
EndProject
Project("{FAE04EC0-301F-11D3-BF4B-00C04F79EFBC}") = "PropertyViewingSlots.Tests", "tests\PropertyViewingSlots.Tests\PropertyViewingSlots.Tests.csproj", "{73F8F4EC-C0B1-4EDC-BB8F-4281143399DC}"
EndProject
Global
	GlobalSection(SolutionConfigurationPlatforms) = preSolution
		Debug|Any CPU = Debug|Any CPU
		Release|Any CPU = Release|Any CPU
	EndGlobalSection
	GlobalSection(ProjectConfigurationPlatforms) = postSolution
		{1A595960-7BEF-4516-A608-7467997BA3B1}.Debug|Any CPU.ActiveCfg = Debug|Any CPU
		{1A595960-7BEF-4516-A608-7467997BA3B1}.Debug|Any CPU.Build.0 = Debug|Any CPU
		{1A595960-7BEF-4516-A608-7467997BA3B1}.Release|Any CPU.ActiveCfg = Release|Any CPU
		{1A595960-7BEF-4516-A608-7467997BA3B1}.Release|Any CPU.Build.0 = Release|Any CPU
		{73F8F4EC-C0B1-4EDC-BB8F-4281143399DC}.Debug|Any CPU.ActiveCfg = Debug|Any CPU
		{73F8F4EC-C0B1-4EDC-BB8F-4281143399DC}.Debug|Any CPU.Build.0 = Debug|Any CPU
		{73F8F4EC-C0B1-4EDC-BB8F-4281143399DC}.Release|Any CPU.ActiveCfg = Release|Any CPU
		{73F8F4EC-C0B1-4EDC-BB8F-4281143399DC}.Release|Any CPU.Build.0 = Release|Any CPU
	EndGlobalSection
EndGlobal
